
Microsoft Visual Studio Solution File, Format Version 12.00
# Visual Studio Version 17
VisualStudioVersion = 17.7.34031.279
MinimumVisualStudioVersion = 10.0.40219.1
Project("{9A19103F-16F7-4668-BE54-9A1E7A4F7556}") = "Broit.Task", "Broit.Task.csproj", "{F927B562-A3C0-4F6C-AE83-03F8A6B0FC25}"
EndProject
Global
	GlobalSection(SolutionConfigurationPlatforms) = preSolution
		Debug|Any CPU = Debug|Any CPU
		Release|Any CPU = Release|Any CPU
	EndGlobalSection
	GlobalSection(ProjectConfigurationPlatforms) = postSolution
		{F927B562-A3C0-4F6C-AE83-03F8A6B0FC25}.Debug|Any CPU.ActiveCfg = Debug|Any CPU
		{F927B562-A3C0-4F6C-AE83-03F8A6B0FC25}.Debug|Any CPU.Build.0 = Debug|Any CPU
		{F927B562-A3C0-4F6C-AE83-03F8A6B0FC25}.Release|Any CPU.ActiveCfg = Release|Any CPU
		{F927B562-A3C0-4F6C-AE83-03F8A6B0FC25}.Release|Any CPU.Build.0 = Release|Any CPU
	EndGlobalSection
	GlobalSection(SolutionProperties) = preSolution
		HideSolutionNode = FALSE
	EndGlobalSection
	GlobalSection(ExtensibilityGlobals) = postSolution
		SolutionGuid = {8E6AD7CC-D5E8-484F-AB48-A6F2A803A239}
	EndGlobalSection
EndGlobal
